<?xml version="1.0" encoding="utf-8"?>
<Project ToolsVersion="4.0" xmlns="http://schemas.microsoft.com/developer/msbuild/2003">
  <ItemGroup>
    <Filter Include="소스 파일">
      <UniqueIdentifier>{4FC737F1-C7A5-4376-A066-2A32D752A2FF}</UniqueIdentifier>
      <Extensions>cpp;c;cc;cxx;c++;cppm;ixx;def;odl;idl;hpj;bat;asm;asmx</Extensions>
    </Filter>
    <Filter Include="헤더 파일">
      <UniqueIdentifier>{93995380-89BD-4b04-88EB-625FBE52EBFB}</UniqueIdentifier>
      <Extensions>h;hh;hpp;hxx;h++;hm;inl;inc;ipp;xsd</Extensions>
    </Filter>
    <Filter Include="리소스 파일">
      <UniqueIdentifier>{67DA6AB6-F800-4c08-8B7A-83BB121AAD01}</UniqueIdentifier>
      <Extensions>rc;ico;cur;bmp;dlg;rc2;rct;bin;rgs;gif;jpg;jpeg;jpe;resx;tiff;tif;png;wav;mfcribbon-ms</Extensions>
    </Filter>
    <Filter Include="헤더 파일\Math">
      <UniqueIdentifier>{16cdca98-85cf-4eea-9620-ed848e083e3a}</UniqueIdentifier>
    </Filter>
    <Filter Include="헤더 파일\Engine">
      <UniqueIdentifier>{105141c9-1e3c-43b9-9034-561ee0b19ff4}</UniqueIdentifier>
    </Filter>
    <Filter Include="헤더 파일\Core">
      <UniqueIdentifier>{7c87ca1c-8157-4d3b-8f81-f3de6229de2d}</UniqueIdentifier>
    </Filter>
  </ItemGroup>
  <ItemGroup>
    <ClInclude Include="framework.h">
      <Filter>헤더 파일</Filter>
    </ClInclude>
    <ClInclude Include="targetver.h">
      <Filter>헤더 파일</Filter>
    </ClInclude>
    <ClInclude Include="Resource.h">
      <Filter>헤더 파일</Filter>
    </ClInclude>
    <ClInclude Include="Homework1.h">
      <Filter>헤더 파일</Filter>
    </ClInclude>
    <ClInclude Include="Math.h">
      <Filter>헤더 파일\Math</Filter>
    </ClInclude>
    <ClInclude Include="Vector3.h">
      <Filter>헤더 파일\Math</Filter>
    </ClInclude>
    <ClInclude Include="MathCommon.h">
      <Filter>헤더 파일\Math</Filter>
    </ClInclude>
    <ClInclude Include="Quat.h">
      <Filter>헤더 파일\Math</Filter>
    </ClInclude>
    <ClInclude Include="Vector4.h">
      <Filter>헤더 파일\Math</Filter>
    </ClInclude>
    <ClInclude Include="Matrix.h">
      <Filter>헤더 파일\Math</Filter>
    </ClInclude>
    <ClInclude Include="Rotator.h">
      <Filter>헤더 파일\Math</Filter>
    </ClInclude>
    <ClInclude Include="Plane.h">
      <Filter>헤더 파일\Math</Filter>
    </ClInclude>
    <ClInclude Include="Actor.h">
      <Filter>헤더 파일\Engine</Filter>
    </ClInclude>
    <ClInclude Include="Component.h">
      <Filter>헤더 파일\Engine</Filter>
    </ClInclude>
    <ClInclude Include="ObjectBase.h">
      <Filter>헤더 파일\Engine</Filter>
    </ClInclude>
    <ClInclude Include="SceneComponent.h">
      <Filter>헤더 파일\Engine</Filter>
    </ClInclude>
    <ClInclude Include="StaticMeshComponent.h">
      <Filter>헤더 파일\Engine</Filter>
    </ClInclude>
    <ClInclude Include="Transform.h">
      <Filter>헤더 파일\Math</Filter>
    </ClInclude>
    <ClInclude Include="World.h">
      <Filter>헤더 파일\Engine</Filter>
    </ClInclude>
    <ClInclude Include="UniqueIDGenerator.h">
      <Filter>헤더 파일\Core</Filter>
    </ClInclude>
    <ClInclude Include="Singleton.h">
      <Filter>헤더 파일\Core</Filter>
    </ClInclude>
    <ClInclude Include="Renderer.h">
      <Filter>헤더 파일\Engine</Filter>
    </ClInclude>
    <ClInclude Include="Input.h">
      <Filter>헤더 파일\Engine</Filter>
    </ClInclude>
    <ClInclude Include="Win32EventDispatcher.h">
      <Filter>헤더 파일\Engine</Filter>
    </ClInclude>
    <ClInclude Include="InputComponent.h">
      <Filter>헤더 파일</Filter>
    </ClInclude>
    <ClInclude Include="BasicTypes.h">
      <Filter>헤더 파일</Filter>
    </ClInclude>
    <ClInclude Include="GameEngine.h">
      <Filter>헤더 파일\Engine</Filter>
    </ClInclude>
  </ItemGroup>
  <ItemGroup>
    <ClCompile Include="main.cpp">
      <Filter>소스 파일</Filter>
    </ClCompile>
    <ClCompile Include="World.cpp">
      <Filter>소스 파일</Filter>
    </ClCompile>
    <ClCompile Include="Renderer.cpp">
      <Filter>소스 파일</Filter>
    </ClCompile>
    <ClCompile Include="StaticMeshComponent.cpp">
      <Filter>소스 파일</Filter>
    </ClCompile>
    <ClCompile Include="SceneComponent.cpp">
      <Filter>소스 파일</Filter>
    </ClCompile>
    <ClCompile Include="Actor.cpp">
      <Filter>소스 파일</Filter>
    </ClCompile>
    <ClCompile Include="ObjectBase.cpp">
      <Filter>소스 파일</Filter>
    </ClCompile>
    <ClCompile Include="Input.cpp">
      <Filter>소스 파일</Filter>
    </ClCompile>
    <ClCompile Include="Win32EventDispatcher.cpp">
      <Filter>소스 파일</Filter>
    </ClCompile>
    <ClCompile Include="GameEngine.cpp">
      <Filter>소스 파일</Filter>
    </ClCompile>
    <ClCompile Include="InputComponent.cpp">
      <Filter>소스 파일</Filter>
    </ClCompile>
  </ItemGroup>
  <ItemGroup>
    <ResourceCompile Include="Homework1.rc">
      <Filter>리소스 파일</Filter>
    </ResourceCompile>
  </ItemGroup>
  <ItemGroup>
    <Image Include="small.ico">
      <Filter>리소스 파일</Filter>
    </Image>
    <Image Include="Homework1.ico">
      <Filter>리소스 파일</Filter>
    </Image>
  </ItemGroup>
</Project>